
Microsoft Visual Studio Solution File, Format Version 12.00
# Visual Studio Version 17
VisualStudioVersion = 17.7.34003.232
MinimumVisualStudioVersion = 10.0.40219.1
Project("{FAE04EC0-301F-11D3-BF4B-00C04F79EFBC}") = "BS_Projeto", "BS_Projeto.csproj", "{766BAAD9-0D8C-4C3B-8A58-D85DCD16A00B}"
EndProject
Global
	GlobalSection(SolutionConfigurationPlatforms) = preSolution
		Debug|Any CPU = Debug|Any CPU
		Release|Any CPU = Release|Any CPU
	EndGlobalSection
	GlobalSection(ProjectConfigurationPlatforms) = postSolution
		{766BAAD9-0D8C-4C3B-8A58-D85DCD16A00B}.Debug|Any CPU.ActiveCfg = Debug|Any CPU
		{766BAAD9-0D8C-4C3B-8A58-D85DCD16A00B}.Debug|Any CPU.Build.0 = Debug|Any CPU
		{766BAAD9-0D8C-4C3B-8A58-D85DCD16A00B}.Release|Any CPU.ActiveCfg = Release|Any CPU
		{766BAAD9-0D8C-4C3B-8A58-D85DCD16A00B}.Release|Any CPU.Build.0 = Release|Any CPU
	EndGlobalSection
	GlobalSection(SolutionProperties) = preSolution
		HideSolutionNode = FALSE
	EndGlobalSection
	GlobalSection(ExtensibilityGlobals) = postSolution
		SolutionGuid = {7ABB36CA-3B55-4E52-A38A-5D8556DB2BF6}
	EndGlobalSection
EndGlobal
